
Microsoft Visual Studio Solution File, Format Version 12.00
# Visual Studio 15
VisualStudioVersion = 15.0.26228.10
MinimumVisualStudioVersion = 10.0.40219.1
Project("{FAE04EC0-301F-11D3-BF4B-00C04F79EFBC}") = "RaspberryPiIntelligentKioskSample", "RaspberryPiIntelligentKioskSample.csproj", "{CAAE976C-E77D-48D0-85B7-DAFF0D677EF5}"
EndProject
Project("{FAE04EC0-301F-11D3-BF4B-00C04F79EFBC}") = "ServiceHelpers", "..\Kiosk\ServiceHelpers\ServiceHelpers.csproj", "{5D9320AF-A9E4-48E3-89BC-9F7F0954B298}"
EndProject
Project("{FAE04EC0-301F-11D3-BF4B-00C04F79EFBC}") = "SimulatedDevice", "SimulatedDevice\SimulatedDevice.csproj", "{1FE62944-3A10-43B0-88FD-39771B33DDF4}"
EndProject
Project("{FAE04EC0-301F-11D3-BF4B-00C04F79EFBC}") = "ReadDeviceToCloudMessages", "ReadDeviceToCloudMessages\ReadDeviceToCloudMessages.csproj", "{AAA0E9B2-E9FC-45E5-88DA-A59602F89DD8}"
EndProject
Project("{2150E333-8FDC-42A3-9474-1A3956D46DE8}") = "Tests", "Tests", "{E5E699A7-9929-40F9-9039-9498877E319C}"
EndProject
Global
	GlobalSection(SolutionConfigurationPlatforms) = preSolution
		Debug|Any CPU = Debug|Any CPU
		Debug|ARM = Debug|ARM
		Debug|x64 = Debug|x64
		Debug|x86 = Debug|x86
		Release|Any CPU = Release|Any CPU
		Release|ARM = Release|ARM
		Release|x64 = Release|x64
		Release|x86 = Release|x86
	EndGlobalSection
	GlobalSection(ProjectConfigurationPlatforms) = postSolution
		{CAAE976C-E77D-48D0-85B7-DAFF0D677EF5}.Debug|Any CPU.ActiveCfg = Debug|x86
		{CAAE976C-E77D-48D0-85B7-DAFF0D677EF5}.Debug|ARM.ActiveCfg = Debug|ARM
		{CAAE976C-E77D-48D0-85B7-DAFF0D677EF5}.Debug|ARM.Build.0 = Debug|ARM
		{CAAE976C-E77D-48D0-85B7-DAFF0D677EF5}.Debug|ARM.Deploy.0 = Debug|ARM
		{CAAE976C-E77D-48D0-85B7-DAFF0D677EF5}.Debug|x64.ActiveCfg = Debug|x64
		{CAAE976C-E77D-48D0-85B7-DAFF0D677EF5}.Debug|x64.Build.0 = Debug|x64
		{CAAE976C-E77D-48D0-85B7-DAFF0D677EF5}.Debug|x64.Deploy.0 = Debug|x64
		{CAAE976C-E77D-48D0-85B7-DAFF0D677EF5}.Debug|x86.ActiveCfg = Debug|x86
		{CAAE976C-E77D-48D0-85B7-DAFF0D677EF5}.Debug|x86.Build.0 = Debug|x86
		{CAAE976C-E77D-48D0-85B7-DAFF0D677EF5}.Debug|x86.Deploy.0 = Debug|x86
		{CAAE976C-E77D-48D0-85B7-DAFF0D677EF5}.Release|Any CPU.ActiveCfg = Release|x86
		{CAAE976C-E77D-48D0-85B7-DAFF0D677EF5}.Release|ARM.ActiveCfg = Release|ARM
		{CAAE976C-E77D-48D0-85B7-DAFF0D677EF5}.Release|ARM.Build.0 = Release|ARM
		{CAAE976C-E77D-48D0-85B7-DAFF0D677EF5}.Release|ARM.Deploy.0 = Release|ARM
		{CAAE976C-E77D-48D0-85B7-DAFF0D677EF5}.Release|x64.ActiveCfg = Release|x64
		{CAAE976C-E77D-48D0-85B7-DAFF0D677EF5}.Release|x64.Build.0 = Release|x64
		{CAAE976C-E77D-48D0-85B7-DAFF0D677EF5}.Release|x64.Deploy.0 = Release|x64
		{CAAE976C-E77D-48D0-85B7-DAFF0D677EF5}.Release|x86.ActiveCfg = Release|x86
		{CAAE976C-E77D-48D0-85B7-DAFF0D677EF5}.Release|x86.Build.0 = Release|x86
		{CAAE976C-E77D-48D0-85B7-DAFF0D677EF5}.Release|x86.Deploy.0 = Release|x86
		{5D9320AF-A9E4-48E3-89BC-9F7F0954B298}.Debug|Any CPU.ActiveCfg = Debug|Any CPU
		{5D9320AF-A9E4-48E3-89BC-9F7F0954B298}.Debug|Any CPU.Build.0 = Debug|Any CPU
		{5D9320AF-A9E4-48E3-89BC-9F7F0954B298}.Debug|ARM.ActiveCfg = Debug|Any CPU
		{5D9320AF-A9E4-48E3-89BC-9F7F0954B298}.Debug|ARM.Build.0 = Debug|Any CPU
		{5D9320AF-A9E4-48E3-89BC-9F7F0954B298}.Debug|x64.ActiveCfg = Debug|Any CPU
		{5D9320AF-A9E4-48E3-89BC-9F7F0954B298}.Debug|x64.Build.0 = Debug|Any CPU
		{5D9320AF-A9E4-48E3-89BC-9F7F0954B298}.Debug|x86.ActiveCfg = Debug|Any CPU
		{5D9320AF-A9E4-48E3-89BC-9F7F0954B298}.Debug|x86.Build.0 = Debug|Any CPU
		{5D9320AF-A9E4-48E3-89BC-9F7F0954B298}.Release|Any CPU.ActiveCfg = Release|Any CPU
		{5D9320AF-A9E4-48E3-89BC-9F7F0954B298}.Release|Any CPU.Build.0 = Release|Any CPU
		{5D9320AF-A9E4-48E3-89BC-9F7F0954B298}.Release|ARM.ActiveCfg = Release|Any CPU
		{5D9320AF-A9E4-48E3-89BC-9F7F0954B298}.Release|ARM.Build.0 = Release|Any CPU
		{5D9320AF-A9E4-48E3-89BC-9F7F0954B298}.Release|x64.ActiveCfg = Release|Any CPU
		{5D9320AF-A9E4-48E3-89BC-9F7F0954B298}.Release|x64.Build.0 = Release|Any CPU
		{5D9320AF-A9E4-48E3-89BC-9F7F0954B298}.Release|x86.ActiveCfg = Release|Any CPU
		{5D9320AF-A9E4-48E3-89BC-9F7F0954B298}.Release|x86.Build.0 = Release|Any CPU
		{1FE62944-3A10-43B0-88FD-39771B33DDF4}.Debug|Any CPU.ActiveCfg = Debug|Any CPU
		{1FE62944-3A10-43B0-88FD-39771B33DDF4}.Debug|Any CPU.Build.0 = Debug|Any CPU
		{1FE62944-3A10-43B0-88FD-39771B33DDF4}.Debug|ARM.ActiveCfg = Debug|Any CPU
		{1FE62944-3A10-43B0-88FD-39771B33DDF4}.Debug|ARM.Build.0 = Debug|Any CPU
		{1FE62944-3A10-43B0-88FD-39771B33DDF4}.Debug|x64.ActiveCfg = Debug|Any CPU
		{1FE62944-3A10-43B0-88FD-39771B33DDF4}.Debug|x64.Build.0 = Debug|Any CPU
		{1FE62944-3A10-43B0-88FD-39771B33DDF4}.Debug|x86.ActiveCfg = Debug|Any CPU
		{1FE62944-3A10-43B0-88FD-39771B33DDF4}.Debug|x86.Build.0 = Debug|Any CPU
		{1FE62944-3A10-43B0-88FD-39771B33DDF4}.Release|Any CPU.ActiveCfg = Release|Any CPU
		{1FE62944-3A10-43B0-88FD-39771B33DDF4}.Release|Any CPU.Build.0 = Release|Any CPU
		{1FE62944-3A10-43B0-88FD-39771B33DDF4}.Release|ARM.ActiveCfg = Release|Any CPU
		{1FE62944-3A10-43B0-88FD-39771B33DDF4}.Release|ARM.Build.0 = Release|Any CPU
		{1FE62944-3A10-43B0-88FD-39771B33DDF4}.Release|x64.ActiveCfg = Release|Any CPU
		{1FE62944-3A10-43B0-88FD-39771B33DDF4}.Release|x64.Build.0 = Release|Any CPU
		{1FE62944-3A10-43B0-88FD-39771B33DDF4}.Release|x86.ActiveCfg = Release|Any CPU
		{1FE62944-3A10-43B0-88FD-39771B33DDF4}.Release|x86.Build.0 = Release|Any CPU
		{AAA0E9B2-E9FC-45E5-88DA-A59602F89DD8}.Debug|Any CPU.ActiveCfg = Debug|Any CPU
		{AAA0E9B2-E9FC-45E5-88DA-A59602F89DD8}.Debug|Any CPU.Build.0 = Debug|Any CPU
		{AAA0E9B2-E9FC-45E5-88DA-A59602F89DD8}.Debug|ARM.ActiveCfg = Debug|Any CPU
		{AAA0E9B2-E9FC-45E5-88DA-A59602F89DD8}.Debug|ARM.Build.0 = Debug|Any CPU
		{AAA0E9B2-E9FC-45E5-88DA-A59602F89DD8}.Debug|x64.ActiveCfg = Debug|Any CPU
		{AAA0E9B2-E9FC-45E5-88DA-A59602F89DD8}.Debug|x64.Build.0 = Debug|Any CPU
		{AAA0E9B2-E9FC-45E5-88DA-A59602F89DD8}.Debug|x86.ActiveCfg = Debug|Any CPU
		{AAA0E9B2-E9FC-45E5-88DA-A59602F89DD8}.Debug|x86.Build.0 = Debug|Any CPU
		{AAA0E9B2-E9FC-45E5-88DA-A59602F89DD8}.Release|Any CPU.ActiveCfg = Release|Any CPU
		{AAA0E9B2-E9FC-45E5-88DA-A59602F89DD8}.Release|Any CPU.Build.0 = Release|Any CPU
		{AAA0E9B2-E9FC-45E5-88DA-A59602F89DD8}.Release|ARM.ActiveCfg = Release|Any CPU
		{AAA0E9B2-E9FC-45E5-88DA-A59602F89DD8}.Release|ARM.Build.0 = Release|Any CPU
		{AAA0E9B2-E9FC-45E5-88DA-A59602F89DD8}.Release|x64.ActiveCfg = Release|Any CPU
		{AAA0E9B2-E9FC-45E5-88DA-A59602F89DD8}.Release|x64.Build.0 = Release|Any CPU
		{AAA0E9B2-E9FC-45E5-88DA-A59602F89DD8}.Release|x86.ActiveCfg = Release|Any CPU
		{AAA0E9B2-E9FC-45E5-88DA-A59602F89DD8}.Release|x86.Build.0 = Release|Any CPU
	EndGlobalSection
	GlobalSection(SolutionProperties) = preSolution
		HideSolutionNode = FALSE
	EndGlobalSection
	GlobalSection(NestedProjects) = preSolution
		{1FE62944-3A10-43B0-88FD-39771B33DDF4} = {E5E699A7-9929-40F9-9039-9498877E319C}
		{AAA0E9B2-E9FC-45E5-88DA-A59602F89DD8} = {E5E699A7-9929-40F9-9039-9498877E319C}
	EndGlobalSection
	GlobalSection(ExtensibilityGlobals) = postSolution
		EnterpriseLibraryConfigurationToolBinariesPathV6 = packages\EnterpriseLibrary.TransientFaultHandling.6.0.1304.0\lib\portable-net45+win+wp8
	EndGlobalSection
EndGlobal
