
Microsoft Visual Studio Solution File, Format Version 12.00
# Visual Studio 15
VisualStudioVersion = 15.0.26228.9
MinimumVisualStudioVersion = 10.0.40219.1
Project("{D954291E-2A0B-460D-934E-DC6B0785DB48}") = "App1", "App1\App1\App1.shproj", "{925E5CA6-C270-4B63-B856-907FA2F39228}"
EndProject
Project("{FAE04EC0-301F-11D3-BF4B-00C04F79EFBC}") = "App1.Android", "App1\App1.Android\App1.Android.csproj", "{48CD72D2-D193-464B-A3B2-1DE3735BF055}"
EndProject
Project("{FAE04EC0-301F-11D3-BF4B-00C04F79EFBC}") = "App1.iOS", "App1\App1.iOS\App1.iOS.csproj", "{D2D58A84-47A3-4B0D-A985-FF3D8F297C0A}"
EndProject
Project("{FAE04EC0-301F-11D3-BF4B-00C04F79EFBC}") = "App1.UWP", "App1\App1.UWP\App1.UWP.csproj", "{3828AC3E-11EE-42F2-9DFC-CAD4F95F9CD7}"
EndProject
Global
	GlobalSection(SharedMSBuildProjectFiles) = preSolution
		App1\App1\App1.projitems*{925e5ca6-c270-4b63-b856-907fa2f39228}*SharedItemsImports = 13
		App1\App1\App1.projitems*{d2d58a84-47a3-4b0d-a985-ff3d8f297c0a}*SharedItemsImports = 4
	EndGlobalSection
	GlobalSection(SolutionConfigurationPlatforms) = preSolution
		Debug|Any CPU = Debug|Any CPU
		Debug|ARM = Debug|ARM
		Debug|iPhone = Debug|iPhone
		Debug|iPhoneSimulator = Debug|iPhoneSimulator
		Debug|x64 = Debug|x64
		Debug|x86 = Debug|x86
		Release|Any CPU = Release|Any CPU
		Release|ARM = Release|ARM
		Release|iPhone = Release|iPhone
		Release|iPhoneSimulator = Release|iPhoneSimulator
		Release|x64 = Release|x64
		Release|x86 = Release|x86
	EndGlobalSection
	GlobalSection(ProjectConfigurationPlatforms) = postSolution
		{48CD72D2-D193-464B-A3B2-1DE3735BF055}.Debug|Any CPU.ActiveCfg = Debug|Any CPU
		{48CD72D2-D193-464B-A3B2-1DE3735BF055}.Debug|Any CPU.Build.0 = Debug|Any CPU
		{48CD72D2-D193-464B-A3B2-1DE3735BF055}.Debug|Any CPU.Deploy.0 = Debug|Any CPU
		{48CD72D2-D193-464B-A3B2-1DE3735BF055}.Debug|ARM.ActiveCfg = Debug|Any CPU
		{48CD72D2-D193-464B-A3B2-1DE3735BF055}.Debug|ARM.Build.0 = Debug|Any CPU
		{48CD72D2-D193-464B-A3B2-1DE3735BF055}.Debug|ARM.Deploy.0 = Debug|Any CPU
		{48CD72D2-D193-464B-A3B2-1DE3735BF055}.Debug|iPhone.ActiveCfg = Debug|Any CPU
		{48CD72D2-D193-464B-A3B2-1DE3735BF055}.Debug|iPhone.Build.0 = Debug|Any CPU
		{48CD72D2-D193-464B-A3B2-1DE3735BF055}.Debug|iPhone.Deploy.0 = Debug|Any CPU
		{48CD72D2-D193-464B-A3B2-1DE3735BF055}.Debug|iPhoneSimulator.ActiveCfg = Debug|Any CPU
		{48CD72D2-D193-464B-A3B2-1DE3735BF055}.Debug|iPhoneSimulator.Build.0 = Debug|Any CPU
		{48CD72D2-D193-464B-A3B2-1DE3735BF055}.Debug|iPhoneSimulator.Deploy.0 = Debug|Any CPU
		{48CD72D2-D193-464B-A3B2-1DE3735BF055}.Debug|x64.ActiveCfg = Debug|Any CPU
		{48CD72D2-D193-464B-A3B2-1DE3735BF055}.Debug|x64.Build.0 = Debug|Any CPU
		{48CD72D2-D193-464B-A3B2-1DE3735BF055}.Debug|x64.Deploy.0 = Debug|Any CPU
		{48CD72D2-D193-464B-A3B2-1DE3735BF055}.Debug|x86.ActiveCfg = Debug|Any CPU
		{48CD72D2-D193-464B-A3B2-1DE3735BF055}.Debug|x86.Build.0 = Debug|Any CPU
		{48CD72D2-D193-464B-A3B2-1DE3735BF055}.Debug|x86.Deploy.0 = Debug|Any CPU
		{48CD72D2-D193-464B-A3B2-1DE3735BF055}.Release|Any CPU.ActiveCfg = Release|Any CPU
		{48CD72D2-D193-464B-A3B2-1DE3735BF055}.Release|Any CPU.Build.0 = Release|Any CPU
		{48CD72D2-D193-464B-A3B2-1DE3735BF055}.Release|Any CPU.Deploy.0 = Release|Any CPU
		{48CD72D2-D193-464B-A3B2-1DE3735BF055}.Release|ARM.ActiveCfg = Release|Any CPU
		{48CD72D2-D193-464B-A3B2-1DE3735BF055}.Release|ARM.Build.0 = Release|Any CPU
		{48CD72D2-D193-464B-A3B2-1DE3735BF055}.Release|ARM.Deploy.0 = Release|Any CPU
		{48CD72D2-D193-464B-A3B2-1DE3735BF055}.Release|iPhone.ActiveCfg = Release|Any CPU
		{48CD72D2-D193-464B-A3B2-1DE3735BF055}.Release|iPhone.Build.0 = Release|Any CPU
		{48CD72D2-D193-464B-A3B2-1DE3735BF055}.Release|iPhone.Deploy.0 = Release|Any CPU
		{48CD72D2-D193-464B-A3B2-1DE3735BF055}.Release|iPhoneSimulator.ActiveCfg = Release|Any CPU
		{48CD72D2-D193-464B-A3B2-1DE3735BF055}.Release|iPhoneSimulator.Build.0 = Release|Any CPU
		{48CD72D2-D193-464B-A3B2-1DE3735BF055}.Release|iPhoneSimulator.Deploy.0 = Release|Any CPU
		{48CD72D2-D193-464B-A3B2-1DE3735BF055}.Release|x64.ActiveCfg = Release|Any CPU
		{48CD72D2-D193-464B-A3B2-1DE3735BF055}.Release|x64.Build.0 = Release|Any CPU
		{48CD72D2-D193-464B-A3B2-1DE3735BF055}.Release|x64.Deploy.0 = Release|Any CPU
		{48CD72D2-D193-464B-A3B2-1DE3735BF055}.Release|x86.ActiveCfg = Release|Any CPU
		{48CD72D2-D193-464B-A3B2-1DE3735BF055}.Release|x86.Build.0 = Release|Any CPU
		{48CD72D2-D193-464B-A3B2-1DE3735BF055}.Release|x86.Deploy.0 = Release|Any CPU
		{D2D58A84-47A3-4B0D-A985-FF3D8F297C0A}.Debug|Any CPU.ActiveCfg = Debug|iPhone
		{D2D58A84-47A3-4B0D-A985-FF3D8F297C0A}.Debug|ARM.ActiveCfg = Debug|iPhone
		{D2D58A84-47A3-4B0D-A985-FF3D8F297C0A}.Debug|iPhone.ActiveCfg = Debug|iPhone
		{D2D58A84-47A3-4B0D-A985-FF3D8F297C0A}.Debug|iPhone.Build.0 = Debug|iPhone
		{D2D58A84-47A3-4B0D-A985-FF3D8F297C0A}.Debug|iPhoneSimulator.ActiveCfg = Debug|iPhoneSimulator
		{D2D58A84-47A3-4B0D-A985-FF3D8F297C0A}.Debug|iPhoneSimulator.Build.0 = Debug|iPhoneSimulator
		{D2D58A84-47A3-4B0D-A985-FF3D8F297C0A}.Debug|x64.ActiveCfg = Debug|iPhone
		{D2D58A84-47A3-4B0D-A985-FF3D8F297C0A}.Debug|x86.ActiveCfg = Debug|iPhone
		{D2D58A84-47A3-4B0D-A985-FF3D8F297C0A}.Release|Any CPU.ActiveCfg = Release|iPhone
		{D2D58A84-47A3-4B0D-A985-FF3D8F297C0A}.Release|ARM.ActiveCfg = Release|iPhone
		{D2D58A84-47A3-4B0D-A985-FF3D8F297C0A}.Release|iPhone.ActiveCfg = Release|iPhone
		{D2D58A84-47A3-4B0D-A985-FF3D8F297C0A}.Release|iPhone.Build.0 = Release|iPhone
		{D2D58A84-47A3-4B0D-A985-FF3D8F297C0A}.Release|iPhoneSimulator.ActiveCfg = Release|iPhoneSimulator
		{D2D58A84-47A3-4B0D-A985-FF3D8F297C0A}.Release|iPhoneSimulator.Build.0 = Release|iPhoneSimulator
		{D2D58A84-47A3-4B0D-A985-FF3D8F297C0A}.Release|x64.ActiveCfg = Release|iPhone
		{D2D58A84-47A3-4B0D-A985-FF3D8F297C0A}.Release|x86.ActiveCfg = Release|iPhone
		{3828AC3E-11EE-42F2-9DFC-CAD4F95F9CD7}.Debug|Any CPU.ActiveCfg = Debug|x86
		{3828AC3E-11EE-42F2-9DFC-CAD4F95F9CD7}.Debug|ARM.ActiveCfg = Debug|ARM
		{3828AC3E-11EE-42F2-9DFC-CAD4F95F9CD7}.Debug|ARM.Build.0 = Debug|ARM
		{3828AC3E-11EE-42F2-9DFC-CAD4F95F9CD7}.Debug|ARM.Deploy.0 = Debug|ARM
		{3828AC3E-11EE-42F2-9DFC-CAD4F95F9CD7}.Debug|iPhone.ActiveCfg = Debug|x86
		{3828AC3E-11EE-42F2-9DFC-CAD4F95F9CD7}.Debug|iPhoneSimulator.ActiveCfg = Debug|x86
		{3828AC3E-11EE-42F2-9DFC-CAD4F95F9CD7}.Debug|x64.ActiveCfg = Debug|x64
		{3828AC3E-11EE-42F2-9DFC-CAD4F95F9CD7}.Debug|x64.Build.0 = Debug|x64
		{3828AC3E-11EE-42F2-9DFC-CAD4F95F9CD7}.Debug|x64.Deploy.0 = Debug|x64
		{3828AC3E-11EE-42F2-9DFC-CAD4F95F9CD7}.Debug|x86.ActiveCfg = Debug|x86
		{3828AC3E-11EE-42F2-9DFC-CAD4F95F9CD7}.Debug|x86.Build.0 = Debug|x86
		{3828AC3E-11EE-42F2-9DFC-CAD4F95F9CD7}.Debug|x86.Deploy.0 = Debug|x86
		{3828AC3E-11EE-42F2-9DFC-CAD4F95F9CD7}.Release|Any CPU.ActiveCfg = Release|x86
		{3828AC3E-11EE-42F2-9DFC-CAD4F95F9CD7}.Release|ARM.ActiveCfg = Release|ARM
		{3828AC3E-11EE-42F2-9DFC-CAD4F95F9CD7}.Release|ARM.Build.0 = Release|ARM
		{3828AC3E-11EE-42F2-9DFC-CAD4F95F9CD7}.Release|ARM.Deploy.0 = Release|ARM
		{3828AC3E-11EE-42F2-9DFC-CAD4F95F9CD7}.Release|iPhone.ActiveCfg = Release|x86
		{3828AC3E-11EE-42F2-9DFC-CAD4F95F9CD7}.Release|iPhoneSimulator.ActiveCfg = Release|x86
		{3828AC3E-11EE-42F2-9DFC-CAD4F95F9CD7}.Release|x64.ActiveCfg = Release|x64
		{3828AC3E-11EE-42F2-9DFC-CAD4F95F9CD7}.Release|x64.Build.0 = Release|x64
		{3828AC3E-11EE-42F2-9DFC-CAD4F95F9CD7}.Release|x64.Deploy.0 = Release|x64
		{3828AC3E-11EE-42F2-9DFC-CAD4F95F9CD7}.Release|x86.ActiveCfg = Release|x86
		{3828AC3E-11EE-42F2-9DFC-CAD4F95F9CD7}.Release|x86.Build.0 = Release|x86
		{3828AC3E-11EE-42F2-9DFC-CAD4F95F9CD7}.Release|x86.Deploy.0 = Release|x86
	EndGlobalSection
	GlobalSection(SolutionProperties) = preSolution
		HideSolutionNode = FALSE
	EndGlobalSection
EndGlobal
